Microsoft Visual Studio Solution File, Format Version 9.00
# Visual Studio 2005
Project("{FAE04EC0-301F-11D3-BF4B-00C04F79EFBC}") = "PicoContainer", "src\PicoContainer\PicoContainer.csproj", "{78D4D840-D376-4FB7-89A6-B24C22E057F7}"
	ProjectSection(WebsiteProperties) = preProject
		Debug.AspNetCompiler.Debug = "True"
		Release.AspNetCompiler.Debug = "False"
	EndProjectSection
EndProject
Project("{FAE04EC0-301F-11D3-BF4B-00C04F79EFBC}") = "PicoContainer.Tests", "src\PicoContainer.Tests\PicoContainer.Tests.csproj", "{60B1A189-2ADB-4E4B-9952-B4E8748065BF}"
	ProjectSection(WebsiteProperties) = preProject
		Debug.AspNetCompiler.Debug = "True"
		Release.AspNetCompiler.Debug = "False"
	EndProjectSection
EndProject
Global
	GlobalSection(SolutionConfigurationPlatforms) = preSolution
		Debug|Any CPU = Debug|Any CPU
		Release|Any CPU = Release|Any CPU
	EndGlobalSection
	GlobalSection(ProjectConfigurationPlatforms) = postSolution
		{78D4D840-D376-4FB7-89A6-B24C22E057F7}.Debug|Any CPU.ActiveCfg = Debug|Any CPU
		{78D4D840-D376-4FB7-89A6-B24C22E057F7}.Debug|Any CPU.Build.0 = Debug|Any CPU
		{78D4D840-D376-4FB7-89A6-B24C22E057F7}.Release|Any CPU.ActiveCfg = Release|Any CPU
		{78D4D840-D376-4FB7-89A6-B24C22E057F7}.Release|Any CPU.Build.0 = Release|Any CPU
		{60B1A189-2ADB-4E4B-9952-B4E8748065BF}.Debug|Any CPU.ActiveCfg = Debug|Any CPU
		{60B1A189-2ADB-4E4B-9952-B4E8748065BF}.Debug|Any CPU.Build.0 = Debug|Any CPU
		{60B1A189-2ADB-4E4B-9952-B4E8748065BF}.Release|Any CPU.ActiveCfg = Release|Any CPU
		{60B1A189-2ADB-4E4B-9952-B4E8748065BF}.Release|Any CPU.Build.0 = Release|Any CPU
	EndGlobalSection
	GlobalSection(SolutionProperties) = preSolution
		HideSolutionNode = FALSE
	EndGlobalSection
EndGlobal
